// !$*UTF8*$!
{
	archiveVersion = 1;
	classes = {
	};
	objectVersion = 54;
	objects = {

/* Begin PBXBuildFile section */
		87673A631E35C97A002ECF15 /* AVFoundation.framework in Frameworks */ = {isa = PBXBuildFile; fileRef = 87673A621E35C97A002ECF15 /* AVFoundation.framework */; };
		87FF95021E355CDB0017DADB /* AVKit.framework in Frameworks */ = {isa = PBXBuildFile; fileRef = 87FF95011E355CDB0017DADB /* AVKit.framework */; };
		87FF95201E35B7CE0017DADB /* QCAppDelegate.swift in Sources */ = {isa = PBXBuildFile; fileRef = 87FF951F1E35B7CE0017DADB /* QCAppDelegate.swift */; };
		F435396A2D1B1B86002188A0 /* QCSettingsManager.swift in Sources */ = {isa = PBXBuildFile; fileRef = F43539692D1B1B85002188A0 /* QCSettingsManager.swift */; };
		F43D252B16BB508900CBC272 /* icon.icns in Resources */ = {isa = PBXBuildFile; fileRef = F43D252A16BB508900CBC272 /* icon.icns */; };
		F4CBD39716B8CE5F003A4794 /* Cocoa.framework in Frameworks */ = {isa = PBXBuildFile; fileRef = F4CBD39616B8CE5F003A4794 /* Cocoa.framework */; };
		F4CBD3AD16B8CE5F003A4794 /* MainMenu.xib in Resources */ = {isa = PBXBuildFile; fileRef = F4CBD3AB16B8CE5F003A4794 /* MainMenu.xib */; };
		F952D6E324E15A6200EA786D /* QCUsbWatcher.swift in Sources */ = {isa = PBXBuildFile; fileRef = F952D6E224E15A6200EA786D /* QCUsbWatcher.swift */; };
/* End PBXBuildFile section */

/* Begin PBXFileReference section */
		87673A621E35C97A002ECF15 /* AVFoundation.framework */ = {isa = PBXFileReference; lastKnownFileType = wrapper.framework; name = AVFoundation.framework; path = System/Library/Frameworks/AVFoundation.framework; sourceTree = SDKROOT; };
		87FF95011E355CDB0017DADB /* AVKit.framework */ = {isa = PBXFileReference; lastKnownFileType = wrapper.framework; name = AVKit.framework; path = System/Library/Frameworks/AVKit.framework; sourceTree = SDKROOT; };
		87FF951F1E35B7CE0017DADB /* QCAppDelegate.swift */ = {isa = PBXFileReference; fileEncoding = 4; lastKnownFileType = sourcecode.swift; path = QCAppDelegate.swift; sourceTree = "<group>"; };
		87FF95211E35BA3B0017DADB /* Quick Camera-Info.plist */ = {isa = PBXFileReference; fileEncoding = 4; lastKnownFileType = text.plist.xml; path = "Quick Camera-Info.plist"; sourceTree = "<group>"; };
		F40A9A182AB7BC630082BBC6 /* Base */ = {isa = PBXFileReference; lastKnownFileType = file.xib; name = Base; path = Base.lproj/MainMenu.xib; sourceTree = "<group>"; };
		F43539692D1B1B85002188A0 /* QCSettingsManager.swift */ = {isa = PBXFileReference; lastKnownFileType = sourcecode.swift; path = QCSettingsManager.swift; sourceTree = "<group>"; };
		F43D252A16BB508900CBC272 /* icon.icns */ = {isa = PBXFileReference; lastKnownFileType = image.icns; path = icon.icns; sourceTree = "<group>"; };
		F43D252C16BB703100CBC272 /* QCamera.entitlements */ = {isa = PBXFileReference; lastKnownFileType = text.xml; path = QCamera.entitlements; sourceTree = "<group>"; };
		F4CBD39316B8CE5F003A4794 /* Quick Camera.app */ = {isa = PBXFileReference; explicitFileType = wrapper.application; includeInIndex = 0; path = "Quick Camera.app"; sourceTree = BUILT_PRODUCTS_DIR; };
		F4CBD39616B8CE5F003A4794 /* Cocoa.framework */ = {isa = PBXFileReference; lastKnownFileType = wrapper.framework; name = Cocoa.framework; path = System/Library/Frameworks/Cocoa.framework; sourceTree = SDKROOT; };
		F4CBD39916B8CE5F003A4794 /* AppKit.framework */ = {isa = PBXFileReference; lastKnownFileType = wrapper.framework; name = AppKit.framework; path = System/Library/Frameworks/AppKit.framework; sourceTree = SDKROOT; };
		F4CBD39A16B8CE5F003A4794 /* CoreData.framework */ = {isa = PBXFileReference; lastKnownFileType = wrapper.framework; name = CoreData.framework; path = System/Library/Frameworks/CoreData.framework; sourceTree = SDKROOT; };
		F4CBD39B16B8CE5F003A4794 /* Foundation.framework */ = {isa = PBXFileReference; lastKnownFileType = wrapper.framework; name = Foundation.framework; path = System/Library/Frameworks/Foundation.framework; sourceTree = SDKROOT; };
		F952D6E224E15A6200EA786D /* QCUsbWatcher.swift */ = {isa = PBXFileReference; lastKnownFileType = sourcecode.swift; path = QCUsbWatcher.swift; sourceTree = "<group>"; };
/* End PBXFileReference section */

/* Begin PBXFrameworksBuildPhase section */
		F4CBD39016B8CE5F003A4794 /* Frameworks */ = {
			isa = PBXFrameworksBuildPhase;
			buildActionMask = 2147483647;
			files = (
				87673A631E35C97A002ECF15 /* AVFoundation.framework in Frameworks */,
				87FF95021E355CDB0017DADB /* AVKit.framework in Frameworks */,
				F4CBD39716B8CE5F003A4794 /* Cocoa.framework in Frameworks */,
			);
			runOnlyForDeploymentPostprocessing = 0;
		};
/* End PBXFrameworksBuildPhase section */

/* Begin PBXGroup section */
		F4CBD38A16B8CE5F003A4794 = {
			isa = PBXGroup;
			children = (
				F43D252A16BB508900CBC272 /* icon.icns */,
				F4CBD39C16B8CE5F003A4794 /* QCamera */,
				F4CBD39516B8CE5F003A4794 /* Frameworks */,
				F4CBD39416B8CE5F003A4794 /* Products */,
			);
			sourceTree = "<group>";
		};
		F4CBD39416B8CE5F003A4794 /* Products */ = {
			isa = PBXGroup;
			children = (
				F4CBD39316B8CE5F003A4794 /* Quick Camera.app */,
			);
			name = Products;
			sourceTree = "<group>";
		};
		F4CBD39516B8CE5F003A4794 /* Frameworks */ = {
			isa = PBXGroup;
			children = (
				87673A621E35C97A002ECF15 /* AVFoundation.framework */,
				87FF95011E355CDB0017DADB /* AVKit.framework */,
				F4CBD39616B8CE5F003A4794 /* Cocoa.framework */,
				F4CBD39816B8CE5F003A4794 /* Other Frameworks */,
			);
			name = Frameworks;
			sourceTree = "<group>";
		};
		F4CBD39816B8CE5F003A4794 /* Other Frameworks */ = {
			isa = PBXGroup;
			children = (
				F4CBD39916B8CE5F003A4794 /* AppKit.framework */,
				F4CBD39A16B8CE5F003A4794 /* CoreData.framework */,
				F4CBD39B16B8CE5F003A4794 /* Foundation.framework */,
			);
			name = "Other Frameworks";
			sourceTree = "<group>";
		};
		F4CBD39C16B8CE5F003A4794 /* QCamera */ = {
			isa = PBXGroup;
			children = (
				F43539692D1B1B85002188A0 /* QCSettingsManager.swift */,
				87FF95211E35BA3B0017DADB /* Quick Camera-Info.plist */,
				87FF951F1E35B7CE0017DADB /* QCAppDelegate.swift */,
				F43D252C16BB703100CBC272 /* QCamera.entitlements */,
				F4CBD3AB16B8CE5F003A4794 /* MainMenu.xib */,
				F952D6E224E15A6200EA786D /* QCUsbWatcher.swift */,
			);
			path = QCamera;
			sourceTree = "<group>";
		};
/* End PBXGroup section */

/* Begin PBXNativeTarget section */
		F4CBD39216B8CE5F003A4794 /* Quick Camera */ = {
			isa = PBXNativeTarget;
			buildConfigurationList = F4CBD3B016B8CE5F003A4794 /* Build configuration list for PBXNativeTarget "Quick Camera" */;
			buildPhases = (
				F4CBD38F16B8CE5F003A4794 /* Sources */,
				F4CBD39016B8CE5F003A4794 /* Frameworks */,
				F4CBD39116B8CE5F003A4794 /* Resources */,
			);
			buildRules = (
			);
			dependencies = (
			);
			name = "Quick Camera";
			productName = QCamera;
			productReference = F4CBD39316B8CE5F003A4794 /* Quick Camera.app */;
			productType = "com.apple.product-type.application";
		};
/* End PBXNativeTarget section */

/* Begin PBXProject section */
		F4CBD38B16B8CE5F003A4794 /* Project object */ = {
			isa = PBXProject;
			attributes = {
				BuildIndependentTargetsInParallel = YES;
				CLASSPREFIX = SG;
				LastUpgradeCheck = 1620;
				ORGANIZATIONNAME = "Simon Guest";
				TargetAttributes = {
					F4CBD39216B8CE5F003A4794 = {
						DevelopmentTeam = KRZC59WTY9;
						LastSwiftMigration = "";
					};
				};
			};
			buildConfigurationList = F4CBD38E16B8CE5F003A4794 /* Build configuration list for PBXProject "Quick Camera" */;
			compatibilityVersion = "Xcode 3.2";
			developmentRegion = en;
			hasScannedForEncodings = 0;
			knownRegions = (
				en,
				Base,
			);
			mainGroup = F4CBD38A16B8CE5F003A4794;
			productRefGroup = F4CBD39416B8CE5F003A4794 /* Products */;
			projectDirPath = "";
			projectRoot = "";
			targets = (
				F4CBD39216B8CE5F003A4794 /* Quick Camera */,
			);
		};
/* End PBXProject section */

/* Begin PBXResourcesBuildPhase section */
		F4CBD39116B8CE5F003A4794 /* Resources */ = {
			isa = PBXResourcesBuildPhase;
			buildActionMask = 2147483647;
			files = (
				F4CBD3AD16B8CE5F003A4794 /* MainMenu.xib in Resources */,
				F43D252B16BB508900CBC272 /* icon.icns in Resources */,
			);
			runOnlyForDeploymentPostprocessing = 0;
		};
/* End PBXResourcesBuildPhase section */

/* Begin PBXSourcesBuildPhase section */
		F4CBD38F16B8CE5F003A4794 /* Sources */ = {
			isa = PBXSourcesBuildPhase;
			buildActionMask = 2147483647;
			files = (
				87FF95201E35B7CE0017DADB /* QCAppDelegate.swift in Sources */,
				F952D6E324E15A6200EA786D /* QCUsbWatcher.swift in Sources */,
				F435396A2D1B1B86002188A0 /* QCSettingsManager.swift in Sources */,
			);
			runOnlyForDeploymentPostprocessing = 0;
		};
/* End PBXSourcesBuildPhase section */

/* Begin PBXVariantGroup section */
		F4CBD3AB16B8CE5F003A4794 /* MainMenu.xib */ = {
			isa = PBXVariantGroup;
			children = (
				F40A9A182AB7BC630082BBC6 /* Base */,
			);
			name = MainMenu.xib;
			sourceTree = "<group>";
		};
/* End PBXVariantGroup section */

/* Begin XCBuildConfiguration section */
		F4CBD3AE16B8CE5F003A4794 /* Debug */ = {
			isa = XCBuildConfiguration;
			buildSettings = {
				ALWAYS_SEARCH_USER_PATHS = NO;
				CLANG_ANALYZER_LOCALIZABILITY_NONLOCALIZED = YES;
				CLANG_CXX_LANGUAGE_STANDARD = "gnu++0x";
				CLANG_CXX_LIBRARY = "libc++";
				CLANG_ENABLE_OBJC_ARC = YES;
				CLANG_WARN_BLOCK_CAPTURE_AUTORELEASING = YES;
				CLANG_WARN_BOOL_CONVERSION = YES;
				CLANG_WARN_COMMA = YES;
				CLANG_WARN_CONSTANT_CONVERSION = YES;
				CLANG_WARN_DEPRECATED_OBJC_IMPLEMENTATIONS = YES;
				CLANG_WARN_EMPTY_BODY = YES;
				CLANG_WARN_ENUM_CONVERSION = YES;
				CLANG_WARN_INFINITE_RECURSION = YES;
				CLANG_WARN_INT_CONVERSION = YES;
				CLANG_WARN_NON_LITERAL_NULL_CONVERSION = YES;
				CLANG_WARN_OBJC_IMPLICIT_RETAIN_SELF = YES;
				CLANG_WARN_OBJC_LITERAL_CONVERSION = YES;
				CLANG_WARN_QUOTED_INCLUDE_IN_FRAMEWORK_HEADER = YES;
				CLANG_WARN_RANGE_LOOP_ANALYSIS = YES;
				CLANG_WARN_STRICT_PROTOTYPES = YES;
				CLANG_WARN_SUSPICIOUS_MOVE = YES;
				CLANG_WARN_UNREACHABLE_CODE = YES;
				CLANG_WARN__DUPLICATE_METHOD_MATCH = YES;
				COPY_PHASE_STRIP = NO;
				DEAD_CODE_STRIPPING = YES;
				ENABLE_STRICT_OBJC_MSGSEND = YES;
				ENABLE_TESTABILITY = YES;
				ENABLE_USER_SCRIPT_SANDBOXING = YES;
				GCC_C_LANGUAGE_STANDARD = gnu99;
				GCC_DYNAMIC_NO_PIC = NO;
				GCC_ENABLE_OBJC_EXCEPTIONS = YES;
				GCC_NO_COMMON_BLOCKS = YES;
				GCC_OPTIMIZATION_LEVEL = 0;
				GCC_PREPROCESSOR_DEFINITIONS = (
					"DEBUG=1",
					"$(inherited)",
				);
				GCC_SYMBOLS_PRIVATE_EXTERN = NO;
				GCC_WARN_64_TO_32_BIT_CONVERSION = YES;
				GCC_WARN_ABOUT_RETURN_TYPE = YES;
				GCC_WARN_UNDECLARED_SELECTOR = YES;
				GCC_WARN_UNINITIALIZED_AUTOS = YES;
				GCC_WARN_UNUSED_FUNCTION = YES;
				GCC_WARN_UNUSED_VARIABLE = YES;
				MACOSX_DEPLOYMENT_TARGET = 12.4;
				ONLY_ACTIVE_ARCH = YES;
				SDKROOT = macosx;
				SWIFT_SWIFT3_OBJC_INFERENCE = Default;
			};
			name = Debug;
		};
		F4CBD3AF16B8CE5F003A4794 /* Release */ = {
			isa = XCBuildConfiguration;
			buildSettings = {
				ALWAYS_SEARCH_USER_PATHS = NO;
				CLANG_ANALYZER_LOCALIZABILITY_NONLOCALIZED = YES;
				CLANG_CXX_LANGUAGE_STANDARD = "gnu++0x";
				CLANG_CXX_LIBRARY = "libc++";
				CLANG_ENABLE_OBJC_ARC = YES;
				CLANG_WARN_BLOCK_CAPTURE_AUTORELEASING = YES;
				CLANG_WARN_BOOL_CONVERSION = YES;
				CLANG_WARN_COMMA = YES;
				CLANG_WARN_CONSTANT_CONVERSION = YES;
				CLANG_WARN_DEPRECATED_OBJC_IMPLEMENTATIONS = YES;
				CLANG_WARN_EMPTY_BODY = YES;
				CLANG_WARN_ENUM_CONVERSION = YES;
				CLANG_WARN_INFINITE_RECURSION = YES;
				CLANG_WARN_INT_CONVERSION = YES;
				CLANG_WARN_NON_LITERAL_NULL_CONVERSION = YES;
				CLANG_WARN_OBJC_IMPLICIT_RETAIN_SELF = YES;
				CLANG_WARN_OBJC_LITERAL_CONVERSION = YES;
				CLANG_WARN_QUOTED_INCLUDE_IN_FRAMEWORK_HEADER = YES;
				CLANG_WARN_RANGE_LOOP_ANALYSIS = YES;
				CLANG_WARN_STRICT_PROTOTYPES = YES;
				CLANG_WARN_SUSPICIOUS_MOVE = YES;
				CLANG_WARN_UNREACHABLE_CODE = YES;
				CLANG_WARN__DUPLICATE_METHOD_MATCH = YES;
				COPY_PHASE_STRIP = YES;
				DEAD_CODE_STRIPPING = YES;
				DEBUG_INFORMATION_FORMAT = "dwarf-with-dsym";
				ENABLE_STRICT_OBJC_MSGSEND = YES;
				ENABLE_USER_SCRIPT_SANDBOXING = YES;
				GCC_C_LANGUAGE_STANDARD = gnu99;
				GCC_ENABLE_OBJC_EXCEPTIONS = YES;
				GCC_NO_COMMON_BLOCKS = YES;
				GCC_WARN_64_TO_32_BIT_CONVERSION = YES;
				GCC_WARN_ABOUT_RETURN_TYPE = YES;
				GCC_WARN_UNDECLARED_SELECTOR = YES;
				GCC_WARN_UNINITIALIZED_AUTOS = YES;
				GCC_WARN_UNUSED_FUNCTION = YES;
				GCC_WARN_UNUSED_VARIABLE = YES;
				MACOSX_DEPLOYMENT_TARGET = 12.4;
				SDKROOT = macosx;
				SWIFT_COMPILATION_MODE = wholemodule;
				SWIFT_SWIFT3_OBJC_INFERENCE = Default;
			};
			name = Release;
		};
		F4CBD3B116B8CE5F003A4794 /* Debug */ = {
			isa = XCBuildConfiguration;
			buildSettings = {
				CLANG_ENABLE_MODULES = YES;
				CODE_SIGN_ENTITLEMENTS = QCamera/QCamera.entitlements;
				CODE_SIGN_IDENTITY = "Mac Developer";
				"CODE_SIGN_IDENTITY[sdk=macosx*]" = "Mac Developer";
				COMBINE_HIDPI_IMAGES = YES;
				CURRENT_PROJECT_VERSION = 1.5;
				DEAD_CODE_STRIPPING = YES;
				DEVELOPMENT_TEAM = KRZC59WTY9;
				ENABLE_HARDENED_RUNTIME = YES;
				GCC_PRECOMPILE_PREFIX_HEADER = YES;
				GCC_PREFIX_HEADER = "QCamera/QCamera-Prefix.pch";
				INFOPLIST_FILE = "QCamera/Quick Camera-Info.plist";
				LD_RUNPATH_SEARCH_PATHS = (
					"$(inherited)",
					"@executable_path/../Frameworks",
				);
				MACOSX_DEPLOYMENT_TARGET = 12.4;
				MARKETING_VERSION = 1.5;
				PRODUCT_BUNDLE_IDENTIFIER = com.simonguest.QCamera;
				PRODUCT_NAME = "${TARGET_NAME}";
				PROVISIONING_PROFILE = "";
				SWIFT_INSTALL_OBJC_HEADER = NO;
				SWIFT_OBJC_BRIDGING_HEADER = "";
				SWIFT_OBJC_INTERFACE_HEADER_NAME = "";
				SWIFT_OPTIMIZATION_LEVEL = "-Onone";
				SWIFT_SWIFT3_OBJC_INFERENCE = On;
				SWIFT_VERSION = 5.0;
				WRAPPER_EXTENSION = app;
			};
			name = Debug;
		};
		F4CBD3B216B8CE5F003A4794 /* Release */ = {
			isa = XCBuildConfiguration;
			buildSettings = {
				CLANG_ENABLE_MODULES = YES;
				CODE_SIGN_ENTITLEMENTS = QCamera/QCamera.entitlements;
				CODE_SIGN_IDENTITY = "Mac Developer";
				"CODE_SIGN_IDENTITY[sdk=macosx*]" = "Mac Developer";
				COMBINE_HIDPI_IMAGES = YES;
				CURRENT_PROJECT_VERSION = 1.5;
				DEAD_CODE_STRIPPING = YES;
				DEVELOPMENT_TEAM = KRZC59WTY9;
				ENABLE_HARDENED_RUNTIME = YES;
				GCC_PRECOMPILE_PREFIX_HEADER = YES;
				GCC_PREFIX_HEADER = "QCamera/QCamera-Prefix.pch";
				INFOPLIST_FILE = "QCamera/Quick Camera-Info.plist";
				LD_RUNPATH_SEARCH_PATHS = (
					"$(inherited)",
					"@executable_path/../Frameworks",
				);
				MACOSX_DEPLOYMENT_TARGET = 12.4;
				MARKETING_VERSION = 1.5;
				PRODUCT_BUNDLE_IDENTIFIER = com.simonguest.QCamera;
				PRODUCT_NAME = "${TARGET_NAME}";
				PROVISIONING_PROFILE = "";
				SWIFT_INSTALL_OBJC_HEADER = NO;
				SWIFT_OBJC_BRIDGING_HEADER = "";
				SWIFT_OBJC_INTERFACE_HEADER_NAME = "";
				SWIFT_SWIFT3_OBJC_INFERENCE = On;
				SWIFT_VERSION = 5.0;
				WRAPPER_EXTENSION = app;
			};
			name = Release;
		};
/* End XCBuildConfiguration section */

/* Begin XCConfigurationList section */
		F4CBD38E16B8CE5F003A4794 /* Build configuration list for PBXProject "Quick Camera" */ = {
			isa = XCConfigurationList;
			buildConfigurations = (
				F4CBD3AE16B8CE5F003A4794 /* Debug */,
				F4CBD3AF16B8CE5F003A4794 /* Release */,
			);
			defaultConfigurationIsVisible = 0;
			defaultConfigurationName = Release;
		};
		F4CBD3B016B8CE5F003A4794 /* Build configuration list for PBXNativeTarget "Quick Camera" */ = {
			isa = XCConfigurationList;
			buildConfigurations = (
				F4CBD3B116B8CE5F003A4794 /* Debug */,
				F4CBD3B216B8CE5F003A4794 /* Release */,
			);
			defaultConfigurationIsVisible = 0;
			defaultConfigurationName = Release;
		};
/* End XCConfigurationList section */
	};
	rootObject = F4CBD38B16B8CE5F003A4794 /* Project object */;
}
